
Microsoft Visual Studio Solution File, Format Version 12.00
# Visual Studio Version 16
VisualStudioVersion = 16.0.31702.278
MinimumVisualStudioVersion = 10.0.40219.1
Project("{FAE04EC0-301F-11D3-BF4B-00C04F79EFBC}") = "XML(JSON(BINARY(SERELIZATION)", "XML(JSON(BINARY(SERELIZATION)\XML(JSON(BINARY(SERELIZATION).csproj", "{C4D98953-C8C0-428C-ACC7-D9C032DE0BF8}"
EndProject
Global
	GlobalSection(SolutionConfigurationPlatforms) = preSolution
		Debug|Any CPU = Debug|Any CPU
		Release|Any CPU = Release|Any CPU
	EndGlobalSection
	GlobalSection(ProjectConfigurationPlatforms) = postSolution
		{C4D98953-C8C0-428C-ACC7-D9C032DE0BF8}.Debug|Any CPU.ActiveCfg = Debug|Any CPU
		{C4D98953-C8C0-428C-ACC7-D9C032DE0BF8}.Debug|Any CPU.Build.0 = Debug|Any CPU
		{C4D98953-C8C0-428C-ACC7-D9C032DE0BF8}.Release|Any CPU.ActiveCfg = Release|Any CPU
		{C4D98953-C8C0-428C-ACC7-D9C032DE0BF8}.Release|Any CPU.Build.0 = Release|Any CPU
	EndGlobalSection
	GlobalSection(SolutionProperties) = preSolution
		HideSolutionNode = FALSE
	EndGlobalSection
	GlobalSection(ExtensibilityGlobals) = postSolution
		SolutionGuid = {BEC93CA8-B916-4DE8-AAB3-566DD07AF5E2}
	EndGlobalSection
EndGlobal
