
Microsoft Visual Studio Solution File, Format Version 12.00
# Visual Studio Version 16
VisualStudioVersion = 16.0.31702.278
MinimumVisualStudioVersion = 10.0.40219.1
Project("{FAE04EC0-301F-11D3-BF4B-00C04F79EFBC}") = "EventDelegate", "EventDelegate\EventDelegate.csproj", "{AA297BC0-A25C-4854-8F52-8656A0B6988D}"
EndProject
Global
	GlobalSection(SolutionConfigurationPlatforms) = preSolution
		Debug|Any CPU = Debug|Any CPU
		Release|Any CPU = Release|Any CPU
	EndGlobalSection
	GlobalSection(ProjectConfigurationPlatforms) = postSolution
		{AA297BC0-A25C-4854-8F52-8656A0B6988D}.Debug|Any CPU.ActiveCfg = Debug|Any CPU
		{AA297BC0-A25C-4854-8F52-8656A0B6988D}.Debug|Any CPU.Build.0 = Debug|Any CPU
		{AA297BC0-A25C-4854-8F52-8656A0B6988D}.Release|Any CPU.ActiveCfg = Release|Any CPU
		{AA297BC0-A25C-4854-8F52-8656A0B6988D}.Release|Any CPU.Build.0 = Release|Any CPU
	EndGlobalSection
	GlobalSection(SolutionProperties) = preSolution
		HideSolutionNode = FALSE
	EndGlobalSection
	GlobalSection(ExtensibilityGlobals) = postSolution
		SolutionGuid = {B7F6B6AA-F1C9-4A3B-B5A0-C69A67CA7871}
	EndGlobalSection
EndGlobal
